
Microsoft Visual Studio Solution File, Format Version 12.00
# Visual Studio Version 17
VisualStudioVersion = 17.6.33815.320
MinimumVisualStudioVersion = 10.0.40219.1
Project("{FAE04EC0-301F-11D3-BF4B-00C04F79EFBC}") = "coba", "coba\coba.csproj", "{EB845D87-4763-4675-92E5-67D750B840ED}"
EndProject
Global
	GlobalSection(SolutionConfigurationPlatforms) = preSolution
		Debug|Any CPU = Debug|Any CPU
		Release|Any CPU = Release|Any CPU
	EndGlobalSection
	GlobalSection(ProjectConfigurationPlatforms) = postSolution
		{EB845D87-4763-4675-92E5-67D750B840ED}.Debug|Any CPU.ActiveCfg = Debug|Any CPU
		{EB845D87-4763-4675-92E5-67D750B840ED}.Debug|Any CPU.Build.0 = Debug|Any CPU
		{EB845D87-4763-4675-92E5-67D750B840ED}.Release|Any CPU.ActiveCfg = Release|Any CPU
		{EB845D87-4763-4675-92E5-67D750B840ED}.Release|Any CPU.Build.0 = Release|Any CPU
	EndGlobalSection
	GlobalSection(SolutionProperties) = preSolution
		HideSolutionNode = FALSE
	EndGlobalSection
	GlobalSection(ExtensibilityGlobals) = postSolution
		SolutionGuid = {8B0E58A4-8246-409B-A416-304BE128E84C}
	EndGlobalSection
EndGlobal
